PODS:
  - AFNetworking (2.6.3):
    - AFNetworking/NSURLConnection (= 2.6.3)
    - AFNetworking/NSURLSession (= 2.6.3)
    - AFNetworking/Reachability (= 2.6.3)
    - AFNetworking/Security (= 2.6.3)
    - AFNetworking/Serialization (= 2.6.3)
    - AFNetworking/UIKit (= 2.6.3)
  - AFNetworking/NSURLConnection (2.6.3):
    - AFNetworking/Reachability
    - AFNetworking/Security
    - AFNetworking/Serialization
  - AFNetworking/NSURLSession (2.6.3):
    - AFNetworking/Reachability
    - AFNetworking/Security
    - AFNetworking/Serialization
  - AFNetworking/Reachability (2.6.3)
  - AFNetworking/Security (2.6.3)
  - AFNetworking/Serialization (2.6.3)
  - AFNetworking/UIKit (2.6.3):
    - AFNetworking/NSURLConnection
    - AFNetworking/NSURLSession
  - ScanAPI (10.3.55)

DEPENDENCIES:
  - AFNetworking (~> 2.0)
  - ScanAPI (from `../ScanApiSDK-10.3.55`)

EXTERNAL SOURCES:
  ScanAPI:
    :path: ../ScanApiSDK-10.3.55

SPEC CHECKSUMS:
  AFNetworking: cb8d14a848e831097108418f5d49217339d4eb60
  ScanAPI: f6744d2cb3b1664563ad7a9c8570d201f41e6f34

PODFILE CHECKSUM: c0e14fed18edb7873ab2f3da03da14d1e16bab4d

COCOAPODS: 1.0.0
