PODS:
  - AFNetworking (2.6.3):
    - AFNetworking/NSURLConnection (= 2.6.3)
    - AFNetworking/NSURLSession (= 2.6.3)
    - AFNetworking/Reachability (= 2.6.3)
    - AFNetworking/Security (= 2.6.3)
    - AFNetworking/Serialization (= 2.6.3)
    - AFNetworking/UIKit (= 2.6.3)
  - AFNetworking/NSURLConnection (2.6.3):
    - AFNetworking/Reachability
    - AFNetworking/Security
    - AFNetworking/Serialization
  - AFNetworking/NSURLSession (2.6.3):
    - AFNetworking/Reachability
    - AFNetworking/Security
    - AFNetworking/Serialization
  - AFNetworking/Reachability (2.6.3)
  - AFNetworking/Security (2.6.3)
  - AFNetworking/Serialization (2.6.3)
  - AFNetworking/UIKit (2.6.3):
    - AFNetworking/NSURLConnection
    - AFNetworking/NSURLSession
  - ScanAPI (10.3.90)

DEPENDENCIES:
  - AFNetworking (~> 2.0)
  - ScanAPI (from `../ScanApiSDK-10.3.90`)

EXTERNAL SOURCES:
  ScanAPI:
    :path: ../ScanApiSDK-10.3.90

SPEC CHECKSUMS:
  AFNetworking: cb8d14a848e831097108418f5d49217339d4eb60
  ScanAPI: 68161f18422761f1eb64fc5aa5e68d636035e957

PODFILE CHECKSUM: 95282b13ed6222d8a4f802cf4376f72ea93b680f

COCOAPODS: 1.0.0
